
Microsoft Visual Studio Solution File, Format Version 12.00
# Visual Studio Version 16
VisualStudioVersion = 16.0.29418.71
MinimumVisualStudioVersion = 10.0.40219.1
Project("{FAE04EC0-301F-11D3-BF4B-00C04F79EFBC}") = "BirthdayDaysOfWeek", "BirthdayDaysOfWeek\BirthdayDaysOfWeek.csproj", "{549DD768-57C2-4FFE-99EA-4FE83C3B63F0}"
EndProject
Global
	GlobalSection(SolutionConfigurationPlatforms) = preSolution
		Debug|Any CPU = Debug|Any CPU
		Release|Any CPU = Release|Any CPU
	EndGlobalSection
	GlobalSection(ProjectConfigurationPlatforms) = postSolution
		{549DD768-57C2-4FFE-99EA-4FE83C3B63F0}.Debug|Any CPU.ActiveCfg = Debug|Any CPU
		{549DD768-57C2-4FFE-99EA-4FE83C3B63F0}.Debug|Any CPU.Build.0 = Debug|Any CPU
		{549DD768-57C2-4FFE-99EA-4FE83C3B63F0}.Release|Any CPU.ActiveCfg = Release|Any CPU
		{549DD768-57C2-4FFE-99EA-4FE83C3B63F0}.Release|Any CPU.Build.0 = Release|Any CPU
	EndGlobalSection
	GlobalSection(SolutionProperties) = preSolution
		HideSolutionNode = FALSE
	EndGlobalSection
	GlobalSection(ExtensibilityGlobals) = postSolution
		SolutionGuid = {F7AB5F0C-6070-4243-ABB0-158BB75615EB}
	EndGlobalSection
EndGlobal
